{
  "version": 4,
  "terraform_version": "1.16.2",
  "serial": 14,
  "lineage": "c85a64bc-3723-e957-9383-83d811dc8b90",
  "outputs": {},
  "resources": [
    {
      "mode": "managed",
      "type": "snowflake_database",
      "name": "pre_prod",
      "provider": "provider[\"registry.terraform.io/snowflakedb/snowflake\"]",
      "instances": [
        {
          "schema_version": 1,
          "attributes": {
            "catalog": "",
            "comment": "",
            "data_retention_time_in_days": 1,
            "default_ddl_collation": "",
            "default_notebook_compute_pool_cpu": "SYSTEM_COMPUTE_POOL_CPU",
            "default_notebook_compute_pool_gpu": "SYSTEM_COMPUTE_POOL_GPU",
            "drop_public_schema_on_creation": null,
            "enable_console_output": false,
            "external_volume": "",
            "fully_qualified_name": "\"PRE_PROD_DB\"",
            "id": "PRE_PROD_DB",
            "is_transient": false,
            "log_event_level": "OFF",
            "log_level": "OFF",
            "max_data_extension_time_in_days": 14,
            "name": "PRE_PROD_DB",
            "quoted_identifiers_ignore_case": false,
            "replace_invalid_characters": false,
            "replication": [],
            "storage_serialization_policy": "OPTIMIZED",
            "suspend_task_after_num_failures": 10,
            "task_auto_retry_attempts": 0,
            "timeouts": null,
            "trace_level": "OFF",
            "user_task_managed_initial_warehouse_size": "Medium",
            "user_task_minimum_trigger_interval_in_seconds": 30,
            "user_task_timeout_ms": 3600000
          },
          "sensitive_attributes": [],
          "identity_schema_version": 0,
          "private": "eyJlMmJmYjczMC1lY2FhLTExZTYtOGY4OC0zNDM2M2JjN2M0YzAiOnsiY3JlYXRlIjoxMjAwMDAwMDAwMDAwLCJkZWxldGUiOjEyMDAwMDAwMDAwMDAsInJlYWQiOjEyMDAwMDAwMDAwMDAsInVwZGF0ZSI6MTIwMDAwMDAwMDAwMH0sInNjaGVtYV92ZXJzaW9uIjoiMSJ9"
        }
      ]
    },
    {
      "mode": "managed",
      "type": "snowflake_database",
      "name": "prod",
      "provider": "provider[\"registry.terraform.io/snowflakedb/snowflake\"]",
      "instances": [
        {
          "schema_version": 1,
          "attributes": {
            "catalog": "",
            "comment": "",
            "data_retention_time_in_days": 1,
            "default_ddl_collation": "",
            "default_notebook_compute_pool_cpu": "SYSTEM_COMPUTE_POOL_CPU",
            "default_notebook_compute_pool_gpu": "SYSTEM_COMPUTE_POOL_GPU",
            "drop_public_schema_on_creation": null,
            "enable_console_output": false,
            "external_volume": "",
            "fully_qualified_name": "\"PROD_DB\"",
            "id": "PROD_DB",
            "is_transient": false,
            "log_event_level": "OFF",
            "log_level": "OFF",
            "max_data_extension_time_in_days": 14,
            "name": "PROD_DB",
            "quoted_identifiers_ignore_case": false,
            "replace_invalid_characters": false,
            "replication": [],
            "storage_serialization_policy": "OPTIMIZED",
            "suspend_task_after_num_failures": 10,
            "task_auto_retry_attempts": 0,
            "timeouts": null,
            "trace_level": "OFF",
            "user_task_managed_initial_warehouse_size": "Medium",
            "user_task_minimum_trigger_interval_in_seconds": 30,
            "user_task_timeout_ms": 3600000
          },
          "sensitive_attributes": [],
          "identity_schema_version": 0,
          "private": "eyJlMmJmYjczMC1lY2FhLTExZTYtOGY4OC0zNDM2M2JjN2M0YzAiOnsiY3JlYXRlIjoxMjAwMDAwMDAwMDAwLCJkZWxldGUiOjEyMDAwMDAwMDAwMDAsInJlYWQiOjEyMDAwMDAwMDAwMDAsInVwZGF0ZSI6MTIwMDAwMDAwMDAwMH0sInNjaGVtYV92ZXJzaW9uIjoiMSJ9"
        }
      ]
    },
    {
      "mode": "managed",
      "type": "snowflake_schema",
      "name": "pre_prod_bronze",
      "provider": "provider[\"registry.terraform.io/snowflakedb/snowflake\"]",
      "instances": [
        {
          "schema_version": 2,
          "attributes": {
            "catalog": "",
            "comment": "",
            "data_retention_time_in_days": 1,
            "database": "PRE_PROD_DB",
            "default_ddl_collation": "",
            "default_notebook_compute_pool_cpu": "SYSTEM_COMPUTE_POOL_CPU",
            "default_notebook_compute_pool_gpu": "SYSTEM_COMPUTE_POOL_GPU",
            "describe_output": [],
            "enable_console_output": false,
            "external_volume": "",
            "fully_qualified_name": "\"PRE_PROD_DB\".\"BRONZE\"",
            "id": "\"PRE_PROD_DB\".\"BRONZE\"",
            "is_transient": "default",
            "log_event_level": "OFF",
            "log_level": "OFF",
            "max_data_extension_time_in_days": 14,
            "name": "BRONZE",
            "parameters": [
              {
                "catalog": [
                  {
                    "default": "",
                    "description": "Name of the catalog integration to use for iceberg tables",
                    "key": "CATALOG",
                    "level": "",
                    "value": ""
                  }
                ],
                "data_retention_time_in_days": [
                  {
                    "default": "1",
                    "description": "number of days to retain the old version of deleted/updated data",
                    "key": "DATA_RETENTION_TIME_IN_DAYS",
                    "level": "",
                    "value": "1"
                  }
                ],
                "default_ddl_collation": [
                  {
                    "default": "",
                    "description": "Collation that is used for all the new columns created by the DDL statements (if not specified)",
                    "key": "DEFAULT_DDL_COLLATION",
                    "level": "",
                    "value": ""
                  }
                ],
                "enable_console_output": [
                  {
                    "default": "false",
                    "description": "Enable stdout/stderr fast path logging for anonyous stored procs. This is a public parameter (similar to LOG_LEVEL).",
                    "key": "ENABLE_CONSOLE_OUTPUT",
                    "level": "",
                    "value": "false"
                  }
                ],
                "external_volume": [
                  {
                    "default": "",
                    "description": "Name of an external volume that will be used for persisted Iceberg metadata and data files.",
                    "key": "EXTERNAL_VOLUME",
                    "level": "",
                    "value": ""
                  }
                ],
                "log_event_level": [
                  {
                    "default": "OFF",
                    "description": "LOG_EVENT_LEVEL to use when filtering log events",
                    "key": "LOG_EVENT_LEVEL",
                    "level": "",
                    "value": "OFF"
                  }
                ],
                "log_level": [
                  {
                    "default": "OFF",
                    "description": "LOG_LEVEL to use when filtering events",
                    "key": "LOG_LEVEL",
                    "level": "",
                    "value": "OFF"
                  }
                ],
                "max_data_extension_time_in_days": [
                  {
                    "default": "14",
                    "description": "Maximum number of days to extend data retention beyond the retention period to prevent a stream becoming stale.",
                    "key": "MAX_DATA_EXTENSION_TIME_IN_DAYS",
                    "level": "",
                    "value": "14"
                  }
                ],
                "pipe_execution_paused": [
                  {
                    "default": "false",
                    "description": "Pause processing of files for a pipe",
                    "key": "PIPE_EXECUTION_PAUSED",
                    "level": "",
                    "value": "false"
                  }
                ],
                "quoted_identifiers_ignore_case": [
                  {
                    "default": "false",
                    "description": "If true, the case of quoted identifiers is ignored",
                    "key": "QUOTED_IDENTIFIERS_IGNORE_CASE",
                    "level": "",
                    "value": "false"
                  }
                ],
                "replace_invalid_characters": [
                  {
                    "default": "false",
                    "description": "Replace invalid UTF-8 characters found in Iceberg table external data files with the Unicode replacement character",
                    "key": "REPLACE_INVALID_CHARACTERS",
                    "level": "",
                    "value": "false"
                  }
                ],
                "storage_serialization_policy": [
                  {
                    "default": "OPTIMIZED",
                    "description": "Storage serialization policy used for managed Iceberg table. This include encodings and compressions",
                    "key": "STORAGE_SERIALIZATION_POLICY",
                    "level": "",
                    "value": "OPTIMIZED"
                  }
                ],
                "suspend_task_after_num_failures": [
                  {
                    "default": "10",
                    "description": "How many times a task must fail in a row before it is automatically suspended. 0 disables auto-suspending.",
                    "key": "SUSPEND_TASK_AFTER_NUM_FAILURES",
                    "level": "",
                    "value": "10"
                  }
                ],
                "task_auto_retry_attempts": [
                  {
                    "default": "0",
                    "description": "Maximum Automatic Retries Allowed For A User Task",
                    "key": "TASK_AUTO_RETRY_ATTEMPTS",
                    "level": "",
                    "value": "0"
                  }
                ],
                "trace_level": [
                  {
                    "default": "OFF",
                    "description": "Trace level value to use when generating/filtering trace events",
                    "key": "TRACE_LEVEL",
                    "level": "",
                    "value": "OFF"
                  }
                ],
                "user_task_managed_initial_warehouse_size": [
                  {
                    "default": "Medium",
                    "description": "The initial size of warehouse to use for managed warehouses in the absence of history",
                    "key": "USER_TASK_MANAGED_INITIAL_WAREHOUSE_SIZE",
                    "level": "",
                    "value": "Medium"
                  }
                ],
                "user_task_minimum_trigger_interval_in_seconds": [
                  {
                    "default": "30",
                    "description": "Minimum amount of time between Triggered Task executions in seconds",
                    "key": "USER_TASK_MINIMUM_TRIGGER_INTERVAL_IN_SECONDS",
                    "level": "",
                    "value": "30"
                  }
                ],
                "user_task_timeout_ms": [
                  {
                    "default": "3600000",
                    "description": "User task execution timeout in milliseconds",
                    "key": "USER_TASK_TIMEOUT_MS",
                    "level": "",
                    "value": "3600000"
                  }
                ]
              }
            ],
            "pipe_execution_paused": false,
            "quoted_identifiers_ignore_case": false,
            "replace_invalid_characters": false,
            "show_output": [
              {
                "comment": "",
                "created_on": "2026-09-10 12:09:47.568 -0700 PDT",
                "database_name": "PRE_PROD_DB",
                "dropped_on": "0001-01-01 00:00:00 +0000 UTC",
                "is_current": false,
                "is_default": false,
                "name": "BRONZE",
                "options": "",
                "owner": "ACCOUNTADMIN",
                "owner_role_type": "ROLE",
                "retention_time": "1"
              }
            ],
            "storage_serialization_policy": "OPTIMIZED",
            "suspend_task_after_num_failures": 10,
            "task_auto_retry_attempts": 0,
            "timeouts": null,
            "trace_level": "OFF",
            "user_task_managed_initial_warehouse_size": "Medium",
            "user_task_minimum_trigger_interval_in_seconds": 30,
            "user_task_timeout_ms": 3600000,
            "with_managed_access": "default"
          },
          "sensitive_attributes": [],
          "identity_schema_version": 0,
          "private": "eyJlMmJmYjczMC1lY2FhLTExZTYtOGY4OC0zNDM2M2JjN2M0YzAiOnsiY3JlYXRlIjoxMjAwMDAwMDAwMDAwLCJkZWxldGUiOjEyMDAwMDAwMDAwMDAsInJlYWQiOjEyMDAwMDAwMDAwMDAsInVwZGF0ZSI6MTIwMDAwMDAwMDAwMH0sInNjaGVtYV92ZXJzaW9uIjoiMiJ9",
          "dependencies": [
            "snowflake_database.pre_prod"
          ]
        }
      ]
    },
    {
      "mode": "managed",
      "type": "snowflake_schema",
      "name": "pre_prod_gold",
      "provider": "provider[\"registry.terraform.io/snowflakedb/snowflake\"]",
      "instances": [
        {
          "schema_version": 2,
          "attributes": {
            "catalog": "",
            "comment": "",
            "data_retention_time_in_days": 1,
            "database": "PRE_PROD_DB",
            "default_ddl_collation": "",
            "default_notebook_compute_pool_cpu": "SYSTEM_COMPUTE_POOL_CPU",
            "default_notebook_compute_pool_gpu": "SYSTEM_COMPUTE_POOL_GPU",
            "describe_output": [],
            "enable_console_output": false,
            "external_volume": "",
            "fully_qualified_name": "\"PRE_PROD_DB\".\"GOLD\"",
            "id": "\"PRE_PROD_DB\".\"GOLD\"",
            "is_transient": "default",
            "log_event_level": "OFF",
            "log_level": "OFF",
            "max_data_extension_time_in_days": 14,
            "name": "GOLD",
            "parameters": [
              {
                "catalog": [
                  {
                    "default": "",
                    "description": "Name of the catalog integration to use for iceberg tables",
                    "key": "CATALOG",
                    "level": "",
                    "value": ""
                  }
                ],
                "data_retention_time_in_days": [
                  {
                    "default": "1",
                    "description": "number of days to retain the old version of deleted/updated data",
                    "key": "DATA_RETENTION_TIME_IN_DAYS",
                    "level": "",
                    "value": "1"
                  }
                ],
                "default_ddl_collation": [
                  {
                    "default": "",
                    "description": "Collation that is used for all the new columns created by the DDL statements (if not specified)",
                    "key": "DEFAULT_DDL_COLLATION",
                    "level": "",
                    "value": ""
                  }
                ],
                "enable_console_output": [
                  {
                    "default": "false",
                    "description": "Enable stdout/stderr fast path logging for anonyous stored procs. This is a public parameter (similar to LOG_LEVEL).",
                    "key": "ENABLE_CONSOLE_OUTPUT",
                    "level": "",
                    "value": "false"
                  }
                ],
                "external_volume": [
                  {
                    "default": "",
                    "description": "Name of an external volume that will be used for persisted Iceberg metadata and data files.",
                    "key": "EXTERNAL_VOLUME",
                    "level": "",
                    "value": ""
                  }
                ],
                "log_event_level": [
                  {
                    "default": "OFF",
                    "description": "LOG_EVENT_LEVEL to use when filtering log events",
                    "key": "LOG_EVENT_LEVEL",
                    "level": "",
                    "value": "OFF"
                  }
                ],
                "log_level": [
                  {
                    "default": "OFF",
                    "description": "LOG_LEVEL to use when filtering events",
                    "key": "LOG_LEVEL",
                    "level": "",
                    "value": "OFF"
                  }
                ],
                "max_data_extension_time_in_days": [
                  {
                    "default": "14",
                    "description": "Maximum number of days to extend data retention beyond the retention period to prevent a stream becoming stale.",
                    "key": "MAX_DATA_EXTENSION_TIME_IN_DAYS",
                    "level": "",
                    "value": "14"
                  }
                ],
                "pipe_execution_paused": [
                  {
                    "default": "false",
                    "description": "Pause processing of files for a pipe",
                    "key": "PIPE_EXECUTION_PAUSED",
                    "level": "",
                    "value": "false"
                  }
                ],
                "quoted_identifiers_ignore_case": [
                  {
                    "default": "false",
                    "description": "If true, the case of quoted identifiers is ignored",
                    "key": "QUOTED_IDENTIFIERS_IGNORE_CASE",
                    "level": "",
                    "value": "false"
                  }
                ],
                "replace_invalid_characters": [
                  {
                    "default": "false",
                    "description": "Replace invalid UTF-8 characters found in Iceberg table external data files with the Unicode replacement character",
                    "key": "REPLACE_INVALID_CHARACTERS",
                    "level": "",
                    "value": "false"
                  }
                ],
                "storage_serialization_policy": [
                  {
                    "default": "OPTIMIZED",
                    "description": "Storage serialization policy used for managed Iceberg table. This include encodings and compressions",
                    "key": "STORAGE_SERIALIZATION_POLICY",
                    "level": "",
                    "value": "OPTIMIZED"
                  }
                ],
                "suspend_task_after_num_failures": [
                  {
                    "default": "10",
                    "description": "How many times a task must fail in a row before it is automatically suspended. 0 disables auto-suspending.",
                    "key": "SUSPEND_TASK_AFTER_NUM_FAILURES",
                    "level": "",
                    "value": "10"
                  }
                ],
                "task_auto_retry_attempts": [
                  {
                    "default": "0",
                    "description": "Maximum Automatic Retries Allowed For A User Task",
                    "key": "TASK_AUTO_RETRY_ATTEMPTS",
                    "level": "",
                    "value": "0"
                  }
                ],
                "trace_level": [
                  {
                    "default": "OFF",
                    "description": "Trace level value to use when generating/filtering trace events",
                    "key": "TRACE_LEVEL",
                    "level": "",
                    "value": "OFF"
                  }
                ],
                "user_task_managed_initial_warehouse_size": [
                  {
                    "default": "Medium",
                    "description": "The initial size of warehouse to use for managed warehouses in the absence of history",
                    "key": "USER_TASK_MANAGED_INITIAL_WAREHOUSE_SIZE",
                    "level": "",
                    "value": "Medium"
                  }
                ],
                "user_task_minimum_trigger_interval_in_seconds": [
                  {
                    "default": "30",
                    "description": "Minimum amount of time between Triggered Task executions in seconds",
                    "key": "USER_TASK_MINIMUM_TRIGGER_INTERVAL_IN_SECONDS",
                    "level": "",
                    "value": "30"
                  }
                ],
                "user_task_timeout_ms": [
                  {
                    "default": "3600000",
                    "description": "User task execution timeout in milliseconds",
                    "key": "USER_TASK_TIMEOUT_MS",
                    "level": "",
                    "value": "3600000"
                  }
                ]
              }
            ],
            "pipe_execution_paused": false,
            "quoted_identifiers_ignore_case": false,
            "replace_invalid_characters": false,
            "show_output": [
              {
                "comment": "",
                "created_on": "2026-09-10 12:09:47.926 -0700 PDT",
                "database_name": "PRE_PROD_DB",
                "dropped_on": "0001-01-01 00:00:00 +0000 UTC",
                "is_current": false,
                "is_default": false,
                "name": "GOLD",
                "options": "",
                "owner": "ACCOUNTADMIN",
                "owner_role_type": "ROLE",
                "retention_time": "1"
              }
            ],
            "storage_serialization_policy": "OPTIMIZED",
            "suspend_task_after_num_failures": 10,
            "task_auto_retry_attempts": 0,
            "timeouts": null,
            "trace_level": "OFF",
            "user_task_managed_initial_warehouse_size": "Medium",
            "user_task_minimum_trigger_interval_in_seconds": 30,
            "user_task_timeout_ms": 3600000,
            "with_managed_access": "default"
          },
          "sensitive_attributes": [],
          "identity_schema_version": 0,
          "private": "eyJlMmJmYjczMC1lY2FhLTExZTYtOGY4OC0zNDM2M2JjN2M0YzAiOnsiY3JlYXRlIjoxMjAwMDAwMDAwMDAwLCJkZWxldGUiOjEyMDAwMDAwMDAwMDAsInJlYWQiOjEyMDAwMDAwMDAwMDAsInVwZGF0ZSI6MTIwMDAwMDAwMDAwMH0sInNjaGVtYV92ZXJzaW9uIjoiMiJ9",
          "dependencies": [
            "snowflake_database.pre_prod"
          ]
        }
      ]
    },
    {
      "mode": "managed",
      "type": "snowflake_schema",
      "name": "pre_prod_silver",
      "provider": "provider[\"registry.terraform.io/snowflakedb/snowflake\"]",
      "instances": [
        {
          "schema_version": 2,
          "attributes": {
            "catalog": "",
            "comment": "",
            "data_retention_time_in_days": 1,
            "database": "PRE_PROD_DB",
            "default_ddl_collation": "",
            "default_notebook_compute_pool_cpu": "SYSTEM_COMPUTE_POOL_CPU",
            "default_notebook_compute_pool_gpu": "SYSTEM_COMPUTE_POOL_GPU",
            "describe_output": [],
            "enable_console_output": false,
            "external_volume": "",
            "fully_qualified_name": "\"PRE_PROD_DB\".\"SILVER\"",
            "id": "\"PRE_PROD_DB\".\"SILVER\"",
            "is_transient": "default",
            "log_event_level": "OFF",
            "log_level": "OFF",
            "max_data_extension_time_in_days": 14,
            "name": "SILVER",
            "parameters": [
              {
                "catalog": [
                  {
                    "default": "",
                    "description": "Name of the catalog integration to use for iceberg tables",
                    "key": "CATALOG",
                    "level": "",
                    "value": ""
                  }
                ],
                "data_retention_time_in_days": [
                  {
                    "default": "1",
                    "description": "number of days to retain the old version of deleted/updated data",
                    "key": "DATA_RETENTION_TIME_IN_DAYS",
                    "level": "",
                    "value": "1"
                  }
                ],
                "default_ddl_collation": [
                  {
                    "default": "",
                    "description": "Collation that is used for all the new columns created by the DDL statements (if not specified)",
                    "key": "DEFAULT_DDL_COLLATION",
                    "level": "",
                    "value": ""
                  }
                ],
                "enable_console_output": [
                  {
                    "default": "false",
                    "description": "Enable stdout/stderr fast path logging for anonyous stored procs. This is a public parameter (similar to LOG_LEVEL).",
                    "key": "ENABLE_CONSOLE_OUTPUT",
                    "level": "",
                    "value": "false"
                  }
                ],
                "external_volume": [
                  {
                    "default": "",
                    "description": "Name of an external volume that will be used for persisted Iceberg metadata and data files.",
                    "key": "EXTERNAL_VOLUME",
                    "level": "",
                    "value": ""
                  }
                ],
                "log_event_level": [
                  {
                    "default": "OFF",
                    "description": "LOG_EVENT_LEVEL to use when filtering log events",
                    "key": "LOG_EVENT_LEVEL",
                    "level": "",
                    "value": "OFF"
                  }
                ],
                "log_level": [
                  {
                    "default": "OFF",
                    "description": "LOG_LEVEL to use when filtering events",
                    "key": "LOG_LEVEL",
                    "level": "",
                    "value": "OFF"
                  }
                ],
                "max_data_extension_time_in_days": [
                  {
                    "default": "14",
                    "description": "Maximum number of days to extend data retention beyond the retention period to prevent a stream becoming stale.",
                    "key": "MAX_DATA_EXTENSION_TIME_IN_DAYS",
                    "level": "",
                    "value": "14"
                  }
                ],
                "pipe_execution_paused": [
                  {
                    "default": "false",
                    "description": "Pause processing of files for a pipe",
                    "key": "PIPE_EXECUTION_PAUSED",
                    "level": "",
                    "value": "false"
                  }
                ],
                "quoted_identifiers_ignore_case": [
                  {
                    "default": "false",
                    "description": "If true, the case of quoted identifiers is ignored",
                    "key": "QUOTED_IDENTIFIERS_IGNORE_CASE",
                    "level": "",
                    "value": "false"
                  }
                ],
                "replace_invalid_characters": [
                  {
                    "default": "false",
                    "description": "Replace invalid UTF-8 characters found in Iceberg table external data files with the Unicode replacement character",
                    "key": "REPLACE_INVALID_CHARACTERS",
                    "level": "",
                    "value": "false"
                  }
                ],
                "storage_serialization_policy": [
                  {
                    "default": "OPTIMIZED",
                    "description": "Storage serialization policy used for managed Iceberg table. This include encodings and compressions",
                    "key": "STORAGE_SERIALIZATION_POLICY",
                    "level": "",
                    "value": "OPTIMIZED"
                  }
                ],
                "suspend_task_after_num_failures": [
                  {
                    "default": "10",
                    "description": "How many times a task must fail in a row before it is automatically suspended. 0 disables auto-suspending.",
                    "key": "SUSPEND_TASK_AFTER_NUM_FAILURES",
                    "level": "",
                    "value": "10"
                  }
                ],
                "task_auto_retry_attempts": [
                  {
                    "default": "0",
                    "description": "Maximum Automatic Retries Allowed For A User Task",
                    "key": "TASK_AUTO_RETRY_ATTEMPTS",
                    "level": "",
                    "value": "0"
                  }
                ],
                "trace_level": [
                  {
                    "default": "OFF",
                    "description": "Trace level value to use when generating/filtering trace events",
                    "key": "TRACE_LEVEL",
                    "level": "",
                    "value": "OFF"
                  }
                ],
                "user_task_managed_initial_warehouse_size": [
                  {
                    "default": "Medium",
                    "description": "The initial size of warehouse to use for managed warehouses in the absence of history",
                    "key": "USER_TASK_MANAGED_INITIAL_WAREHOUSE_SIZE",
                    "level": "",
                    "value": "Medium"
                  }
                ],
                "user_task_minimum_trigger_interval_in_seconds": [
                  {
                    "default": "30",
                    "description": "Minimum amount of time between Triggered Task executions in seconds",
                    "key": "USER_TASK_MINIMUM_TRIGGER_INTERVAL_IN_SECONDS",
                    "level": "",
                    "value": "30"
                  }
                ],
                "user_task_timeout_ms": [
                  {
                    "default": "3600000",
                    "description": "User task execution timeout in milliseconds",
                    "key": "USER_TASK_TIMEOUT_MS",
                    "level": "",
                    "value": "3600000"
                  }
                ]
              }
            ],
            "pipe_execution_paused": false,
            "quoted_identifiers_ignore_case": false,
            "replace_invalid_characters": false,
            "show_output": [
              {
                "comment": "",
                "created_on": "2026-09-10 12:09:48.076 -0700 PDT",
                "database_name": "PRE_PROD_DB",
                "dropped_on": "0001-01-01 00:00:00 +0000 UTC",
                "is_current": false,
                "is_default": false,
                "name": "SILVER",
                "options": "",
                "owner": "ACCOUNTADMIN",
                "owner_role_type": "ROLE",
                "retention_time": "1"
              }
            ],
            "storage_serialization_policy": "OPTIMIZED",
            "suspend_task_after_num_failures": 10,
            "task_auto_retry_attempts": 0,
            "timeouts": null,
            "trace_level": "OFF",
            "user_task_managed_initial_warehouse_size": "Medium",
            "user_task_minimum_trigger_interval_in_seconds": 30,
            "user_task_timeout_ms": 3600000,
            "with_managed_access": "default"
          },
          "sensitive_attributes": [],
          "identity_schema_version": 0,
          "private": "eyJlMmJmYjczMC1lY2FhLTExZTYtOGY4OC0zNDM2M2JjN2M0YzAiOnsiY3JlYXRlIjoxMjAwMDAwMDAwMDAwLCJkZWxldGUiOjEyMDAwMDAwMDAwMDAsInJlYWQiOjEyMDAwMDAwMDAwMDAsInVwZGF0ZSI6MTIwMDAwMDAwMDAwMH0sInNjaGVtYV92ZXJzaW9uIjoiMiJ9",
          "dependencies": [
            "snowflake_database.pre_prod"
          ]
        }
      ]
    },
    {
      "mode": "managed",
      "type": "snowflake_schema",
      "name": "prod_bronze",
      "provider": "provider[\"registry.terraform.io/snowflakedb/snowflake\"]",
      "instances": [
        {
          "schema_version": 2,
          "attributes": {
            "catalog": "",
            "comment": "",
            "data_retention_time_in_days": 1,
            "database": "PROD_DB",
            "default_ddl_collation": "",
            "default_notebook_compute_pool_cpu": "SYSTEM_COMPUTE_POOL_CPU",
            "default_notebook_compute_pool_gpu": "SYSTEM_COMPUTE_POOL_GPU",
            "describe_output": [],
            "enable_console_output": false,
            "external_volume": "",
            "fully_qualified_name": "\"PROD_DB\".\"BRONZE\"",
            "id": "\"PROD_DB\".\"BRONZE\"",
            "is_transient": "default",
            "log_event_level": "OFF",
            "log_level": "OFF",
            "max_data_extension_time_in_days": 14,
            "name": "BRONZE",
            "parameters": [
              {
                "catalog": [
                  {
                    "default": "",
                    "description": "Name of the catalog integration to use for iceberg tables",
                    "key": "CATALOG",
                    "level": "",
                    "value": ""
                  }
                ],
                "data_retention_time_in_days": [
                  {
                    "default": "1",
                    "description": "number of days to retain the old version of deleted/updated data",
                    "key": "DATA_RETENTION_TIME_IN_DAYS",
                    "level": "",
                    "value": "1"
                  }
                ],
                "default_ddl_collation": [
                  {
                    "default": "",
                    "description": "Collation that is used for all the new columns created by the DDL statements (if not specified)",
                    "key": "DEFAULT_DDL_COLLATION",
                    "level": "",
                    "value": ""
                  }
                ],
                "enable_console_output": [
                  {
                    "default": "false",
                    "description": "Enable stdout/stderr fast path logging for anonyous stored procs. This is a public parameter (similar to LOG_LEVEL).",
                    "key": "ENABLE_CONSOLE_OUTPUT",
                    "level": "",
                    "value": "false"
                  }
                ],
                "external_volume": [
                  {
                    "default": "",
                    "description": "Name of an external volume that will be used for persisted Iceberg metadata and data files.",
                    "key": "EXTERNAL_VOLUME",
                    "level": "",
                    "value": ""
                  }
                ],
                "log_event_level": [
                  {
                    "default": "OFF",
                    "description": "LOG_EVENT_LEVEL to use when filtering log events",
                    "key": "LOG_EVENT_LEVEL",
                    "level": "",
                    "value": "OFF"
                  }
                ],
                "log_level": [
                  {
                    "default": "OFF",
                    "description": "LOG_LEVEL to use when filtering events",
                    "key": "LOG_LEVEL",
                    "level": "",
                    "value": "OFF"
                  }
                ],
                "max_data_extension_time_in_days": [
                  {
                    "default": "14",
                    "description": "Maximum number of days to extend data retention beyond the retention period to prevent a stream becoming stale.",
                    "key": "MAX_DATA_EXTENSION_TIME_IN_DAYS",
                    "level": "",
                    "value": "14"
                  }
                ],
                "pipe_execution_paused": [
                  {
                    "default": "false",
                    "description": "Pause processing of files for a pipe",
                    "key": "PIPE_EXECUTION_PAUSED",
                    "level": "",
                    "value": "false"
                  }
                ],
                "quoted_identifiers_ignore_case": [
                  {
                    "default": "false",
                    "description": "If true, the case of quoted identifiers is ignored",
                    "key": "QUOTED_IDENTIFIERS_IGNORE_CASE",
                    "level": "",
                    "value": "false"
                  }
                ],
                "replace_invalid_characters": [
                  {
                    "default": "false",
                    "description": "Replace invalid UTF-8 characters found in Iceberg table external data files with the Unicode replacement character",
                    "key": "REPLACE_INVALID_CHARACTERS",
                    "level": "",
                    "value": "false"
                  }
                ],
                "storage_serialization_policy": [
                  {
                    "default": "OPTIMIZED",
                    "description": "Storage serialization policy used for managed Iceberg table. This include encodings and compressions",
                    "key": "STORAGE_SERIALIZATION_POLICY",
                    "level": "",
                    "value": "OPTIMIZED"
                  }
                ],
                "suspend_task_after_num_failures": [
                  {
                    "default": "10",
                    "description": "How many times a task must fail in a row before it is automatically suspended. 0 disables auto-suspending.",
                    "key": "SUSPEND_TASK_AFTER_NUM_FAILURES",
                    "level": "",
                    "value": "10"
                  }
                ],
                "task_auto_retry_attempts": [
                  {
                    "default": "0",
                    "description": "Maximum Automatic Retries Allowed For A User Task",
                    "key": "TASK_AUTO_RETRY_ATTEMPTS",
                    "level": "",
                    "value": "0"
                  }
                ],
                "trace_level": [
                  {
                    "default": "OFF",
                    "description": "Trace level value to use when generating/filtering trace events",
                    "key": "TRACE_LEVEL",
                    "level": "",
                    "value": "OFF"
                  }
                ],
                "user_task_managed_initial_warehouse_size": [
                  {
                    "default": "Medium",
                    "description": "The initial size of warehouse to use for managed warehouses in the absence of history",
                    "key": "USER_TASK_MANAGED_INITIAL_WAREHOUSE_SIZE",
                    "level": "",
                    "value": "Medium"
                  }
                ],
                "user_task_minimum_trigger_interval_in_seconds": [
                  {
                    "default": "30",
                    "description": "Minimum amount of time between Triggered Task executions in seconds",
                    "key": "USER_TASK_MINIMUM_TRIGGER_INTERVAL_IN_SECONDS",
                    "level": "",
                    "value": "30"
                  }
                ],
                "user_task_timeout_ms": [
                  {
                    "default": "3600000",
                    "description": "User task execution timeout in milliseconds",
                    "key": "USER_TASK_TIMEOUT_MS",
                    "level": "",
                    "value": "3600000"
                  }
                ]
              }
            ],
            "pipe_execution_paused": false,
            "quoted_identifiers_ignore_case": false,
            "replace_invalid_characters": false,
            "show_output": [
              {
                "comment": "",
                "created_on": "2026-09-10 12:09:47.595 -0700 PDT",
                "database_name": "PROD_DB",
                "dropped_on": "0001-01-01 00:00:00 +0000 UTC",
                "is_current": false,
                "is_default": false,
                "name": "BRONZE",
                "options": "",
                "owner": "ACCOUNTADMIN",
                "owner_role_type": "ROLE",
                "retention_time": "1"
              }
            ],
            "storage_serialization_policy": "OPTIMIZED",
            "suspend_task_after_num_failures": 10,
            "task_auto_retry_attempts": 0,
            "timeouts": null,
            "trace_level": "OFF",
            "user_task_managed_initial_warehouse_size": "Medium",
            "user_task_minimum_trigger_interval_in_seconds": 30,
            "user_task_timeout_ms": 3600000,
            "with_managed_access": "default"
          },
          "sensitive_attributes": [],
          "identity_schema_version": 0,
          "private": "eyJlMmJmYjczMC1lY2FhLTExZTYtOGY4OC0zNDM2M2JjN2M0YzAiOnsiY3JlYXRlIjoxMjAwMDAwMDAwMDAwLCJkZWxldGUiOjEyMDAwMDAwMDAwMDAsInJlYWQiOjEyMDAwMDAwMDAwMDAsInVwZGF0ZSI6MTIwMDAwMDAwMDAwMH0sInNjaGVtYV92ZXJzaW9uIjoiMiJ9",
          "dependencies": [
            "snowflake_database.prod"
          ]
        }
      ]
    },
    {
      "mode": "managed",
      "type": "snowflake_schema",
      "name": "prod_gold",
      "provider": "provider[\"registry.terraform.io/snowflakedb/snowflake\"]",
      "instances": [
        {
          "schema_version": 2,
          "attributes": {
            "catalog": "",
            "comment": "",
            "data_retention_time_in_days": 1,
            "database": "PROD_DB",
            "default_ddl_collation": "",
            "default_notebook_compute_pool_cpu": "SYSTEM_COMPUTE_POOL_CPU",
            "default_notebook_compute_pool_gpu": "SYSTEM_COMPUTE_POOL_GPU",
            "describe_output": [],
            "enable_console_output": false,
            "external_volume": "",
            "fully_qualified_name": "\"PROD_DB\".\"GOLD\"",
            "id": "\"PROD_DB\".\"GOLD\"",
            "is_transient": "default",
            "log_event_level": "OFF",
            "log_level": "OFF",
            "max_data_extension_time_in_days": 14,
            "name": "GOLD",
            "parameters": [
              {
                "catalog": [
                  {
                    "default": "",
                    "description": "Name of the catalog integration to use for iceberg tables",
                    "key": "CATALOG",
                    "level": "",
                    "value": ""
                  }
                ],
                "data_retention_time_in_days": [
                  {
                    "default": "1",
                    "description": "number of days to retain the old version of deleted/updated data",
                    "key": "DATA_RETENTION_TIME_IN_DAYS",
                    "level": "",
                    "value": "1"
                  }
                ],
                "default_ddl_collation": [
                  {
                    "default": "",
                    "description": "Collation that is used for all the new columns created by the DDL statements (if not specified)",
                    "key": "DEFAULT_DDL_COLLATION",
                    "level": "",
                    "value": ""
                  }
                ],
                "enable_console_output": [
                  {
                    "default": "false",
                    "description": "Enable stdout/stderr fast path logging for anonyous stored procs. This is a public parameter (similar to LOG_LEVEL).",
                    "key": "ENABLE_CONSOLE_OUTPUT",
                    "level": "",
                    "value": "false"
                  }
                ],
                "external_volume": [
                  {
                    "default": "",
                    "description": "Name of an external volume that will be used for persisted Iceberg metadata and data files.",
                    "key": "EXTERNAL_VOLUME",
                    "level": "",
                    "value": ""
                  }
                ],
                "log_event_level": [
                  {
                    "default": "OFF",
                    "description": "LOG_EVENT_LEVEL to use when filtering log events",
                    "key": "LOG_EVENT_LEVEL",
                    "level": "",
                    "value": "OFF"
                  }
                ],
                "log_level": [
                  {
                    "default": "OFF",
                    "description": "LOG_LEVEL to use when filtering events",
                    "key": "LOG_LEVEL",
                    "level": "",
                    "value": "OFF"
                  }
                ],
                "max_data_extension_time_in_days": [
                  {
                    "default": "14",
                    "description": "Maximum number of days to extend data retention beyond the retention period to prevent a stream becoming stale.",
                    "key": "MAX_DATA_EXTENSION_TIME_IN_DAYS",
                    "level": "",
                    "value": "14"
                  }
                ],
                "pipe_execution_paused": [
                  {
                    "default": "false",
                    "description": "Pause processing of files for a pipe",
                    "key": "PIPE_EXECUTION_PAUSED",
                    "level": "",
                    "value": "false"
                  }
                ],
                "quoted_identifiers_ignore_case": [
                  {
                    "default": "false",
                    "description": "If true, the case of quoted identifiers is ignored",
                    "key": "QUOTED_IDENTIFIERS_IGNORE_CASE",
                    "level": "",
                    "value": "false"
                  }
                ],
                "replace_invalid_characters": [
                  {
                    "default": "false",
                    "description": "Replace invalid UTF-8 characters found in Iceberg table external data files with the Unicode replacement character",
                    "key": "REPLACE_INVALID_CHARACTERS",
                    "level": "",
                    "value": "false"
                  }
                ],
                "storage_serialization_policy": [
                  {
                    "default": "OPTIMIZED",
                    "description": "Storage serialization policy used for managed Iceberg table. This include encodings and compressions",
                    "key": "STORAGE_SERIALIZATION_POLICY",
                    "level": "",
                    "value": "OPTIMIZED"
                  }
                ],
                "suspend_task_after_num_failures": [
                  {
                    "default": "10",
                    "description": "How many times a task must fail in a row before it is automatically suspended. 0 disables auto-suspending.",
                    "key": "SUSPEND_TASK_AFTER_NUM_FAILURES",
                    "level": "",
                    "value": "10"
                  }
                ],
                "task_auto_retry_attempts": [
                  {
                    "default": "0",
                    "description": "Maximum Automatic Retries Allowed For A User Task",
                    "key": "TASK_AUTO_RETRY_ATTEMPTS",
                    "level": "",
                    "value": "0"
                  }
                ],
                "trace_level": [
                  {
                    "default": "OFF",
                    "description": "Trace level value to use when generating/filtering trace events",
                    "key": "TRACE_LEVEL",
                    "level": "",
                    "value": "OFF"
                  }
                ],
                "user_task_managed_initial_warehouse_size": [
                  {
                    "default": "Medium",
                    "description": "The initial size of warehouse to use for managed warehouses in the absence of history",
                    "key": "USER_TASK_MANAGED_INITIAL_WAREHOUSE_SIZE",
                    "level": "",
                    "value": "Medium"
                  }
                ],
                "user_task_minimum_trigger_interval_in_seconds": [
                  {
                    "default": "30",
                    "description": "Minimum amount of time between Triggered Task executions in seconds",
                    "key": "USER_TASK_MINIMUM_TRIGGER_INTERVAL_IN_SECONDS",
                    "level": "",
                    "value": "30"
                  }
                ],
                "user_task_timeout_ms": [
                  {
                    "default": "3600000",
                    "description": "User task execution timeout in milliseconds",
                    "key": "USER_TASK_TIMEOUT_MS",
                    "level": "",
                    "value": "3600000"
                  }
                ]
              }
            ],
            "pipe_execution_paused": false,
            "quoted_identifiers_ignore_case": false,
            "replace_invalid_characters": false,
            "show_output": [
              {
                "comment": "",
                "created_on": "2026-09-10 12:09:47.595 -0700 PDT",
                "database_name": "PROD_DB",
                "dropped_on": "0001-01-01 00:00:00 +0000 UTC",
                "is_current": false,
                "is_default": false,
                "name": "GOLD",
                "options": "",
                "owner": "ACCOUNTADMIN",
                "owner_role_type": "ROLE",
                "retention_time": "1"
              }
            ],
            "storage_serialization_policy": "OPTIMIZED",
            "suspend_task_after_num_failures": 10,
            "task_auto_retry_attempts": 0,
            "timeouts": null,
            "trace_level": "OFF",
            "user_task_managed_initial_warehouse_size": "Medium",
            "user_task_minimum_trigger_interval_in_seconds": 30,
            "user_task_timeout_ms": 3600000,
            "with_managed_access": "default"
          },
          "sensitive_attributes": [],
          "identity_schema_version": 0,
          "private": "eyJlMmJmYjczMC1lY2FhLTExZTYtOGY4OC0zNDM2M2JjN2M0YzAiOnsiY3JlYXRlIjoxMjAwMDAwMDAwMDAwLCJkZWxldGUiOjEyMDAwMDAwMDAwMDAsInJlYWQiOjEyMDAwMDAwMDAwMDAsInVwZGF0ZSI6MTIwMDAwMDAwMDAwMH0sInNjaGVtYV92ZXJzaW9uIjoiMiJ9",
          "dependencies": [
            "snowflake_database.prod"
          ]
        }
      ]
    },
    {
      "mode": "managed",
      "type": "snowflake_schema",
      "name": "prod_silver",
      "provider": "provider[\"registry.terraform.io/snowflakedb/snowflake\"]",
      "instances": [
        {
          "schema_version": 2,
          "attributes": {
            "catalog": "",
            "comment": "",
            "data_retention_time_in_days": 1,
            "database": "PROD_DB",
            "default_ddl_collation": "",
            "default_notebook_compute_pool_cpu": "SYSTEM_COMPUTE_POOL_CPU",
            "default_notebook_compute_pool_gpu": "SYSTEM_COMPUTE_POOL_GPU",
            "describe_output": [],
            "enable_console_output": false,
            "external_volume": "",
            "fully_qualified_name": "\"PROD_DB\".\"SILVER\"",
            "id": "\"PROD_DB\".\"SILVER\"",
            "is_transient": "default",
            "log_event_level": "OFF",
            "log_level": "OFF",
            "max_data_extension_time_in_days": 14,
            "name": "SILVER",
            "parameters": [
              {
                "catalog": [
                  {
                    "default": "",
                    "description": "Name of the catalog integration to use for iceberg tables",
                    "key": "CATALOG",
                    "level": "",
                    "value": ""
                  }
                ],
                "data_retention_time_in_days": [
                  {
                    "default": "1",
                    "description": "number of days to retain the old version of deleted/updated data",
                    "key": "DATA_RETENTION_TIME_IN_DAYS",
                    "level": "",
                    "value": "1"
                  }
                ],
                "default_ddl_collation": [
                  {
                    "default": "",
                    "description": "Collation that is used for all the new columns created by the DDL statements (if not specified)",
                    "key": "DEFAULT_DDL_COLLATION",
                    "level": "",
                    "value": ""
                  }
                ],
                "enable_console_output": [
                  {
                    "default": "false",
                    "description": "Enable stdout/stderr fast path logging for anonyous stored procs. This is a public parameter (similar to LOG_LEVEL).",
                    "key": "ENABLE_CONSOLE_OUTPUT",
                    "level": "",
                    "value": "false"
                  }
                ],
                "external_volume": [
                  {
                    "default": "",
                    "description": "Name of an external volume that will be used for persisted Iceberg metadata and data files.",
                    "key": "EXTERNAL_VOLUME",
                    "level": "",
                    "value": ""
                  }
                ],
                "log_event_level": [
                  {
                    "default": "OFF",
                    "description": "LOG_EVENT_LEVEL to use when filtering log events",
                    "key": "LOG_EVENT_LEVEL",
                    "level": "",
                    "value": "OFF"
                  }
                ],
                "log_level": [
                  {
                    "default": "OFF",
                    "description": "LOG_LEVEL to use when filtering events",
                    "key": "LOG_LEVEL",
                    "level": "",
                    "value": "OFF"
                  }
                ],
                "max_data_extension_time_in_days": [
                  {
                    "default": "14",
                    "description": "Maximum number of days to extend data retention beyond the retention period to prevent a stream becoming stale.",
                    "key": "MAX_DATA_EXTENSION_TIME_IN_DAYS",
                    "level": "",
                    "value": "14"
                  }
                ],
                "pipe_execution_paused": [
                  {
                    "default": "false",
                    "description": "Pause processing of files for a pipe",
                    "key": "PIPE_EXECUTION_PAUSED",
                    "level": "",
                    "value": "false"
                  }
                ],
                "quoted_identifiers_ignore_case": [
                  {
                    "default": "false",
                    "description": "If true, the case of quoted identifiers is ignored",
                    "key": "QUOTED_IDENTIFIERS_IGNORE_CASE",
                    "level": "",
                    "value": "false"
                  }
                ],
                "replace_invalid_characters": [
                  {
                    "default": "false",
                    "description": "Replace invalid UTF-8 characters found in Iceberg table external data files with the Unicode replacement character",
                    "key": "REPLACE_INVALID_CHARACTERS",
                    "level": "",
                    "value": "false"
                  }
                ],
                "storage_serialization_policy": [
                  {
                    "default": "OPTIMIZED",
                    "description": "Storage serialization policy used for managed Iceberg table. This include encodings and compressions",
                    "key": "STORAGE_SERIALIZATION_POLICY",
                    "level": "",
                    "value": "OPTIMIZED"
                  }
                ],
                "suspend_task_after_num_failures": [
                  {
                    "default": "10",
                    "description": "How many times a task must fail in a row before it is automatically suspended. 0 disables auto-suspending.",
                    "key": "SUSPEND_TASK_AFTER_NUM_FAILURES",
                    "level": "",
                    "value": "10"
                  }
                ],
                "task_auto_retry_attempts": [
                  {
                    "default": "0",
                    "description": "Maximum Automatic Retries Allowed For A User Task",
                    "key": "TASK_AUTO_RETRY_ATTEMPTS",
                    "level": "",
                    "value": "0"
                  }
                ],
                "trace_level": [
                  {
                    "default": "OFF",
                    "description": "Trace level value to use when generating/filtering trace events",
                    "key": "TRACE_LEVEL",
                    "level": "",
                    "value": "OFF"
                  }
                ],
                "user_task_managed_initial_warehouse_size": [
                  {
                    "default": "Medium",
                    "description": "The initial size of warehouse to use for managed warehouses in the absence of history",
                    "key": "USER_TASK_MANAGED_INITIAL_WAREHOUSE_SIZE",
                    "level": "",
                    "value": "Medium"
                  }
                ],
                "user_task_minimum_trigger_interval_in_seconds": [
                  {
                    "default": "30",
                    "description": "Minimum amount of time between Triggered Task executions in seconds",
                    "key": "USER_TASK_MINIMUM_TRIGGER_INTERVAL_IN_SECONDS",
                    "level": "",
                    "value": "30"
                  }
                ],
                "user_task_timeout_ms": [
                  {
                    "default": "3600000",
                    "description": "User task execution timeout in milliseconds",
                    "key": "USER_TASK_TIMEOUT_MS",
                    "level": "",
                    "value": "3600000"
                  }
                ]
              }
            ],
            "pipe_execution_paused": false,
            "quoted_identifiers_ignore_case": false,
            "replace_invalid_characters": false,
            "show_output": [
              {
                "comment": "",
                "created_on": "2026-09-10 12:09:47.164 -0700 PDT",
                "database_name": "PROD_DB",
                "dropped_on": "0001-01-01 00:00:00 +0000 UTC",
                "is_current": false,
                "is_default": false,
                "name": "SILVER",
                "options": "",
                "owner": "ACCOUNTADMIN",
                "owner_role_type": "ROLE",
                "retention_time": "1"
              }
            ],
            "storage_serialization_policy": "OPTIMIZED",
            "suspend_task_after_num_failures": 10,
            "task_auto_retry_attempts": 0,
            "timeouts": null,
            "trace_level": "OFF",
            "user_task_managed_initial_warehouse_size": "Medium",
            "user_task_minimum_trigger_interval_in_seconds": 30,
            "user_task_timeout_ms": 3600000,
            "with_managed_access": "default"
          },
          "sensitive_attributes": [],
          "identity_schema_version": 0,
          "private": "eyJlMmJmYjczMC1lY2FhLTExZTYtOGY4OC0zNDM2M2JjN2M0YzAiOnsiY3JlYXRlIjoxMjAwMDAwMDAwMDAwLCJkZWxldGUiOjEyMDAwMDAwMDAwMDAsInJlYWQiOjEyMDAwMDAwMDAwMDAsInVwZGF0ZSI6MTIwMDAwMDAwMDAwMH0sInNjaGVtYV92ZXJzaW9uIjoiMiJ9",
          "dependencies": [
            "snowflake_database.prod"
          ]
        }
      ]
    },
    {
      "mode": "managed",
      "type": "snowflake_service_user",
      "name": "github_actions",
      "provider": "provider[\"registry.terraform.io/snowflakedb/snowflake\"]",
      "instances": [
        {
          "schema_version": 0,
          "attributes": {
            "abort_detached_query": false,
            "autocommit": true,
            "binary_input_format": "HEX",
            "binary_output_format": "HEX",
            "client_memory_limit": 1536,
            "client_metadata_request_use_connection_ctx": false,
            "client_prefetch_threads": 4,
            "client_result_chunk_size": 160,
            "client_result_column_case_insensitive": false,
            "client_session_keep_alive": false,
            "client_session_keep_alive_heartbeat_frequency": 3600,
            "client_timestamp_type_mapping": "TIMESTAMP_LTZ",
            "comment": "",
            "date_input_format": "AUTO",
            "date_output_format": "YYYY-MM-DD",
            "days_to_expiry": null,
            "default_namespace": null,
            "default_role": "ACCOUNTADMIN",
            "default_secondary_roles_option": "ALL",
            "default_warehouse": "ANALYSIS_WH",
            "default_workload_identity": [],
            "disabled": "false",
            "display_name": "GITHUB_ACTIONS_SERVICE_USER",
            "email": "",
            "enable_unload_physical_type_optimization": true,
            "enable_unredacted_query_syntax_error": false,
            "error_on_nondeterministic_merge": true,
            "error_on_nondeterministic_update": false,
            "fully_qualified_name": "\"GITHUB_ACTIONS_SERVICE_USER\"",
            "geography_output_format": "GeoJSON",
            "geometry_output_format": "GeoJSON",
            "id": "GITHUB_ACTIONS_SERVICE_USER",
            "jdbc_treat_decimal_as_int": true,
            "jdbc_treat_timestamp_ntz_as_utc": false,
            "jdbc_use_session_timezone": true,
            "json_indent": 2,
            "lock_timeout": 43200,
            "log_event_level": "OFF",
            "log_level": "OFF",
            "login_name": "GITHUB_ACTIONS_SERVICE_USER",
            "mins_to_unlock": -1,
            "multi_statement_count": 1,
            "name": "GITHUB_ACTIONS_SERVICE_USER",
            "network_policy": "",
            "noorder_sequence_as_default": true,
            "odbc_treat_decimal_as_int": false,
            "parameters": [
              {
                "abort_detached_query": [
                  {
                    "default": "false",
                    "description": "If true, Snowflake will automatically abort queries when it detects that the client has disappeared.",
                    "key": "ABORT_DETACHED_QUERY",
                    "level": "",
                    "value": "false"
                  }
                ],
                "autocommit": [
                  {
                    "default": "true",
                    "description": "The autocommit property determines whether is statement should to be implicitly\nwrapped within a transaction or not. If autocommit is set to true, then a \nstatement that requires a transaction is executed within a transaction \nimplicitly. If autocommit is off then an explicit commit or rollback is required\nto close a transaction. The default autocommit value is true.",
                    "key": "AUTOCOMMIT",
                    "level": "",
                    "value": "true"
                  }
                ],
                "binary_input_format": [
                  {
                    "default": "HEX",
                    "description": "input format for binary",
                    "key": "BINARY_INPUT_FORMAT",
                    "level": "",
                    "value": "HEX"
                  }
                ],
                "binary_output_format": [
                  {
                    "default": "HEX",
                    "description": "display format for binary",
                    "key": "BINARY_OUTPUT_FORMAT",
                    "level": "",
                    "value": "HEX"
                  }
                ],
                "client_memory_limit": [
                  {
                    "default": "1536",
                    "description": "Limit the amount of memory used by the client in MB",
                    "key": "CLIENT_MEMORY_LIMIT",
                    "level": "",
                    "value": "1536"
                  }
                ],
                "client_metadata_request_use_connection_ctx": [
                  {
                    "default": "false",
                    "description": "For client metadata request(getTables()), use session catalog and schema if set to true",
                    "key": "CLIENT_METADATA_REQUEST_USE_CONNECTION_CTX",
                    "level": "",
                    "value": "false"
                  }
                ],
                "client_prefetch_threads": [
                  {
                    "default": "4",
                    "description": "Customer parameter to control threads, 0=auto",
                    "key": "CLIENT_PREFETCH_THREADS",
                    "level": "",
                    "value": "4"
                  }
                ],
                "client_result_chunk_size": [
                  {
                    "default": "160",
                    "description": "Set the max result chunk size in MB on the client side",
                    "key": "CLIENT_RESULT_CHUNK_SIZE",
                    "level": "",
                    "value": "160"
                  }
                ],
                "client_result_column_case_insensitive": [
                  {
                    "default": "false",
                    "description": "Column name search is case insensitive in clients",
                    "key": "CLIENT_RESULT_COLUMN_CASE_INSENSITIVE",
                    "level": "",
                    "value": "false"
                  }
                ],
                "client_session_keep_alive": [
                  {
                    "default": "false",
                    "description": "If true, client session will not expire automatically",
                    "key": "CLIENT_SESSION_KEEP_ALIVE",
                    "level": "",
                    "value": "false"
                  }
                ],
                "client_session_keep_alive_heartbeat_frequency": [
                  {
                    "default": "3600",
                    "description": "Heartbeat frequency in seconds for CLIENT_SESSION_KEEP_ALIVE.",
                    "key": "CLIENT_SESSION_KEEP_ALIVE_HEARTBEAT_FREQUENCY",
                    "level": "",
                    "value": "3600"
                  }
                ],
                "client_timestamp_type_mapping": [
                  {
                    "default": "TIMESTAMP_LTZ",
                    "description": "If a variable is bound to the TIMESTAMP data type using the bind API, determines which TIMESTAMP* type it should map to:\n  TIMESTAMP_LTZ (default), TIMESTAMP_NTZ",
                    "key": "CLIENT_TIMESTAMP_TYPE_MAPPING",
                    "level": "",
                    "value": "TIMESTAMP_LTZ"
                  }
                ],
                "date_input_format": [
                  {
                    "default": "AUTO",
                    "description": "input format for date",
                    "key": "DATE_INPUT_FORMAT",
                    "level": "",
                    "value": "AUTO"
                  }
                ],
                "date_output_format": [
                  {
                    "default": "YYYY-MM-DD",
                    "description": "display format for date",
                    "key": "DATE_OUTPUT_FORMAT",
                    "level": "",
                    "value": "YYYY-MM-DD"
                  }
                ],
                "enable_unload_physical_type_optimization": [
                  {
                    "default": "true",
                    "description": "Enable physical-type optimizations used in Snowflake to affect the Parquet output",
                    "key": "ENABLE_UNLOAD_PHYSICAL_TYPE_OPTIMIZATION",
                    "level": "",
                    "value": "true"
                  }
                ],
                "enable_unredacted_query_syntax_error": [
                  {
                    "default": "false",
                    "description": "Enable View Malformed SQL Text feature when parse error occurs",
                    "key": "ENABLE_UNREDACTED_QUERY_SYNTAX_ERROR",
                    "level": "",
                    "value": "false"
                  }
                ],
                "error_on_nondeterministic_merge": [
                  {
                    "default": "true",
                    "description": "raise an error when attempting to merge-update a row that joins many rows",
                    "key": "ERROR_ON_NONDETERMINISTIC_MERGE",
                    "level": "",
                    "value": "true"
                  }
                ],
                "error_on_nondeterministic_update": [
                  {
                    "default": "false",
                    "description": "raise an error when attempting to update a row that joins many rows",
                    "key": "ERROR_ON_NONDETERMINISTIC_UPDATE",
                    "level": "",
                    "value": "false"
                  }
                ],
                "geography_output_format": [
                  {
                    "default": "GeoJSON",
                    "description": "GEOGRAPHY display format: GeoJSON, WKT, or WKB(case-insensitive)",
                    "key": "GEOGRAPHY_OUTPUT_FORMAT",
                    "level": "",
                    "value": "GeoJSON"
                  }
                ],
                "geometry_output_format": [
                  {
                    "default": "GeoJSON",
                    "description": "GEOMETRY display format: GeoJSON, WKT, or WKB(case-insensitive)",
                    "key": "GEOMETRY_OUTPUT_FORMAT",
                    "level": "",
                    "value": "GeoJSON"
                  }
                ],
                "jdbc_treat_decimal_as_int": [
                  {
                    "default": "true",
                    "description": "When scale is 0, whether to treat Decimal as Int in JDBC",
                    "key": "JDBC_TREAT_DECIMAL_AS_INT",
                    "level": "",
                    "value": "true"
                  }
                ],
                "jdbc_treat_timestamp_ntz_as_utc": [
                  {
                    "default": "false",
                    "description": "When true, Timestamp_NTZ values are always stored in UTC timezone",
                    "key": "JDBC_TREAT_TIMESTAMP_NTZ_AS_UTC",
                    "level": "",
                    "value": "false"
                  }
                ],
                "jdbc_use_session_timezone": [
                  {
                    "default": "true",
                    "description": "When true, JDBC driver will not display timezone offset between JVM and session.",
                    "key": "JDBC_USE_SESSION_TIMEZONE",
                    "level": "",
                    "value": "true"
                  }
                ],
                "json_indent": [
                  {
                    "default": "2",
                    "description": "Width of indentation in JSON output (0 for compact)",
                    "key": "JSON_INDENT",
                    "level": "",
                    "value": "2"
                  }
                ],
                "lock_timeout": [
                  {
                    "default": "43200",
                    "description": "Number of seconds to wait while trying to lock a resource, before timing out \nand aborting the statement. A value of 0 turns off lock waiting i.e. the \nstatement must acquire the lock immediately or abort. If multiple resources \nneed to be locked by the statement, the timeout applies separately to each \nlock attempt.",
                    "key": "LOCK_TIMEOUT",
                    "level": "",
                    "value": "43200"
                  }
                ],
                "log_event_level": [
                  {
                    "default": "OFF",
                    "description": "LOG_EVENT_LEVEL to use when filtering log events",
                    "key": "LOG_EVENT_LEVEL",
                    "level": "",
                    "value": "OFF"
                  }
                ],
                "log_level": [
                  {
                    "default": "OFF",
                    "description": "LOG_LEVEL to use when filtering events",
                    "key": "LOG_LEVEL",
                    "level": "",
                    "value": "OFF"
                  }
                ],
                "multi_statement_count": [
                  {
                    "default": "1",
                    "description": "Number of statement included in submitted query text.\nThis parameter is submitted by user to avoid sql injection.\nValue 1 means one statement, value \u003e 1 means n statement\ncan be executed, if not equal to the value will raise the\nexception. Value 0 means any number of statement can be\n executed",
                    "key": "MULTI_STATEMENT_COUNT",
                    "level": "",
                    "value": "1"
                  }
                ],
                "network_policy": [
                  {
                    "default": "",
                    "description": "Network policy assigned for the given target.",
                    "key": "NETWORK_POLICY",
                    "level": "",
                    "value": ""
                  }
                ],
                "noorder_sequence_as_default": [
                  {
                    "default": "true",
                    "description": "Whether we make NOORDER the default option for creating new sequences",
                    "key": "NOORDER_SEQUENCE_AS_DEFAULT",
                    "level": "",
                    "value": "true"
                  }
                ],
                "odbc_treat_decimal_as_int": [
                  {
                    "default": "false",
                    "description": "When scale is 0, whether to treat Decimal as Int in ODBC",
                    "key": "ODBC_TREAT_DECIMAL_AS_INT",
                    "level": "",
                    "value": "false"
                  }
                ],
                "prevent_unload_to_internal_stages": [
                  {
                    "default": "false",
                    "description": "Prevent unload sensitive data to non-external stages (user stage, table stage, named stage).",
                    "key": "PREVENT_UNLOAD_TO_INTERNAL_STAGES",
                    "level": "",
                    "value": "false"
                  }
                ],
                "query_tag": [
                  {
                    "default": "",
                    "description": "String (up to 2000 characters) used to tag statements executed by the session",
                    "key": "QUERY_TAG",
                    "level": "",
                    "value": ""
                  }
                ],
                "quoted_identifiers_ignore_case": [
                  {
                    "default": "false",
                    "description": "If true, the case of quoted identifiers is ignored",
                    "key": "QUOTED_IDENTIFIERS_IGNORE_CASE",
                    "level": "",
                    "value": "false"
                  }
                ],
                "rows_per_resultset": [
                  {
                    "default": "0",
                    "description": "maxium number of rows in a result set",
                    "key": "ROWS_PER_RESULTSET",
                    "level": "",
                    "value": "0"
                  }
                ],
                "s3_stage_vpce_dns_name": [
                  {
                    "default": "",
                    "description": "S3 VPCE DNS name to access internal stage bucket over privatelink",
                    "key": "S3_STAGE_VPCE_DNS_NAME",
                    "level": "",
                    "value": ""
                  }
                ],
                "search_path": [
                  {
                    "default": "$current, $public",
                    "description": "Search path for unqualified object references.",
                    "key": "SEARCH_PATH",
                    "level": "",
                    "value": "$current, $public"
                  }
                ],
                "simulated_data_sharing_consumer": [
                  {
                    "default": "",
                    "description": "Data sharing views will return rows as if executed in the specified consumer account.",
                    "key": "SIMULATED_DATA_SHARING_CONSUMER",
                    "level": "",
                    "value": ""
                  }
                ],
                "statement_queued_timeout_in_seconds": [
                  {
                    "default": "0",
                    "description": "Timeout in seconds for queued statements: statements will automatically be canceled if they are queued on a warehouse for longer than this amount of time; disabled if set to zero.",
                    "key": "STATEMENT_QUEUED_TIMEOUT_IN_SECONDS",
                    "level": "",
                    "value": "0"
                  }
                ],
                "statement_timeout_in_seconds": [
                  {
                    "default": "172800",
                    "description": "Timeout in seconds for statements: statements are automatically canceled if they run for longer; if set to zero, max value (604800) is enforced.",
                    "key": "STATEMENT_TIMEOUT_IN_SECONDS",
                    "level": "",
                    "value": "172800"
                  }
                ],
                "strict_json_output": [
                  {
                    "default": "false",
                    "description": "JSON output is strictly compliant to the specification",
                    "key": "STRICT_JSON_OUTPUT",
                    "level": "",
                    "value": "false"
                  }
                ],
                "time_input_format": [
                  {
                    "default": "AUTO",
                    "description": "input format for time",
                    "key": "TIME_INPUT_FORMAT",
                    "level": "",
                    "value": "AUTO"
                  }
                ],
                "time_output_format": [
                  {
                    "default": "HH24:MI:SS",
                    "description": "display format for time",
                    "key": "TIME_OUTPUT_FORMAT",
                    "level": "",
                    "value": "HH24:MI:SS"
                  }
                ],
                "timestamp_day_is_always_24h": [
                  {
                    "default": "false",
                    "description": "If set, arithmetic on days always uses 24 hours per day,\npossibly not preserving the time (due to DST changes)",
                    "key": "TIMESTAMP_DAY_IS_ALWAYS_24H",
                    "level": "",
                    "value": "false"
                  }
                ],
                "timestamp_input_format": [
                  {
                    "default": "AUTO",
                    "description": "input format for timestamp",
                    "key": "TIMESTAMP_INPUT_FORMAT",
                    "level": "",
                    "value": "AUTO"
                  }
                ],
                "timestamp_ltz_output_format": [
                  {
                    "default": "",
                    "description": "Display format for TIMESTAMP_LTZ values. If empty, TIMESTAMP_OUTPUT_FORMAT is used.",
                    "key": "TIMESTAMP_LTZ_OUTPUT_FORMAT",
                    "level": "",
                    "value": ""
                  }
                ],
                "timestamp_ntz_output_format": [
                  {
                    "default": "YYYY-MM-DD HH24:MI:SS.FF3",
                    "description": "Display format for TIMESTAMP_NTZ values. If empty, TIMESTAMP_OUTPUT_FORMAT is used.",
                    "key": "TIMESTAMP_NTZ_OUTPUT_FORMAT",
                    "level": "",
                    "value": "YYYY-MM-DD HH24:MI:SS.FF3"
                  }
                ],
                "timestamp_output_format": [
                  {
                    "default": "YYYY-MM-DD HH24:MI:SS.FF3 TZHTZM",
                    "description": "Default display format for all timestamp types.",
                    "key": "TIMESTAMP_OUTPUT_FORMAT",
                    "level": "",
                    "value": "YYYY-MM-DD HH24:MI:SS.FF3 TZHTZM"
                  }
                ],
                "timestamp_type_mapping": [
                  {
                    "default": "TIMESTAMP_NTZ",
                    "description": "If TIMESTAMP type is used, what specific TIMESTAMP* type it should map to:\n  TIMESTAMP_LTZ, TIMESTAMP_NTZ (default) or TIMESTAMP_TZ",
                    "key": "TIMESTAMP_TYPE_MAPPING",
                    "level": "",
                    "value": "TIMESTAMP_NTZ"
                  }
                ],
                "timestamp_tz_output_format": [
                  {
                    "default": "",
                    "description": "Display format for TIMESTAMP_TZ values. If empty, TIMESTAMP_OUTPUT_FORMAT is used.",
                    "key": "TIMESTAMP_TZ_OUTPUT_FORMAT",
                    "level": "",
                    "value": ""
                  }
                ],
                "timezone": [
                  {
                    "default": "America/Los_Angeles",
                    "description": "time zone",
                    "key": "TIMEZONE",
                    "level": "",
                    "value": "America/Los_Angeles"
                  }
                ],
                "trace_level": [
                  {
                    "default": "OFF",
                    "description": "Trace level value to use when generating/filtering trace events",
                    "key": "TRACE_LEVEL",
                    "level": "",
                    "value": "OFF"
                  }
                ],
                "transaction_abort_on_error": [
                  {
                    "default": "false",
                    "description": "If this parameter is true, and a statement issued within a non-autocommit\ntransaction returns with an error, then the non-autocommit transaction is\naborted. All statements issued inside that transaction will fail until an\ncommit or rollback statement is executed to close that transaction.",
                    "key": "TRANSACTION_ABORT_ON_ERROR",
                    "level": "",
                    "value": "false"
                  }
                ],
                "transaction_default_isolation_level": [
                  {
                    "default": "READ COMMITTED",
                    "description": "The default isolation level when starting a starting a transaction, when no\nisolation level was specified",
                    "key": "TRANSACTION_DEFAULT_ISOLATION_LEVEL",
                    "level": "",
                    "value": "READ COMMITTED"
                  }
                ],
                "two_digit_century_start": [
                  {
                    "default": "1970",
                    "description": "For 2-digit dates, defines a century-start year.\nFor example, when set to 1980:\n  - parsing a string '79' will produce 2079\n  - parsing a string '80' will produce 1980",
                    "key": "TWO_DIGIT_CENTURY_START",
                    "level": "",
                    "value": "1970"
                  }
                ],
                "unsupported_ddl_action": [
                  {
                    "default": "ignore",
                    "description": "The action to take upon encountering an unsupported ddl statement",
                    "key": "UNSUPPORTED_DDL_ACTION",
                    "level": "",
                    "value": "ignore"
                  }
                ],
                "use_cached_result": [
                  {
                    "default": "true",
                    "description": "If enabled, query results can be reused between successive invocations of the same query as long as the original result has not expired",
                    "key": "USE_CACHED_RESULT",
                    "level": "",
                    "value": "true"
                  }
                ],
                "week_of_year_policy": [
                  {
                    "default": "0",
                    "description": "Defines the policy of assigning weeks to years:\n0: the week needs to have 4 days in a given year;\n1: a week with January 1st always belongs to a given year.",
                    "key": "WEEK_OF_YEAR_POLICY",
                    "level": "",
                    "value": "0"
                  }
                ],
                "week_start": [
                  {
                    "default": "0",
                    "description": "Defines the first day of the week:\n0: legacy Snowflake behavior; 1: Monday .. 7: Sunday.",
                    "key": "WEEK_START",
                    "level": "",
                    "value": "0"
                  }
                ]
              }
            ],
            "prevent_unload_to_internal_stages": false,
            "query_tag": "",
            "quoted_identifiers_ignore_case": false,
            "rows_per_resultset": 0,
            "rsa_public_key": "MIIBIjANBgkqhkiG9w0BAQEFAAOCAQ8AMIIBCgKCAQEAyqFJSBl3A8GrDFZ8CpSUJnZsy9nxgD3qhXli8byz0KNMsoD++KD11Y719RJS+TbDg6EeDZt5UfwERL1YWkhbGrqkibtfeUU0OBbjwLHSW0RvXNRH3x8ONC0H5ty/nNNTq1EVODLT5A9Xl+pi9V194xoYW2BuvdYd5yaDB0gS9P7MmM8tRvjy4Ibrz5ayif/P2af+hBUibK4jD4NAoVYVSvtGiU+LKcn5T02m3GybSO1nwN/HkFdSwn9DMg9r/+r80eQazEjWsWwHpHqzJZ0vG1odB+co0Lk/PXs6XfmF2tAKb0FeWZtKopIrFdqaa0tFRveZyCeB7ghPZWOs8bScFQIDAQAB",
            "rsa_public_key_2": "",
            "s3_stage_vpce_dns_name": "",
            "search_path": "$current, $public",
            "show_output": [
              {
                "comment": "",
                "created_on": "2026-09-10 01:33:11.833 -0700 PDT",
                "days_to_expiry": "",
                "default_namespace": "",
                "default_role": "ACCOUNTADMIN",
                "default_secondary_roles": "[\"ALL\"]",
                "default_warehouse": "ANALYSIS_WH",
                "disabled": false,
                "display_name": "GITHUB_ACTIONS_SERVICE_USER",
                "email": "",
                "expires_at_time": "0001-01-01 00:00:00 +0000 UTC",
                "ext_authn_duo": false,
                "ext_authn_uid": "",
                "first_name": "",
                "has_mfa": false,
                "has_password": false,
                "has_rsa_public_key": true,
                "has_workload_identity": true,
                "last_name": "",
                "last_success_login": "2026-09-11 01:25:47.611 -0700 PDT",
                "locked_until_time": "0001-01-01 00:00:00 +0000 UTC",
                "login_name": "GITHUB_ACTIONS_SERVICE_USER",
                "mins_to_bypass_mfa": "",
                "mins_to_unlock": "",
                "must_change_password": false,
                "name": "GITHUB_ACTIONS_SERVICE_USER",
                "owner": "ACCOUNTADMIN",
                "snowflake_lock": false,
                "type": "SERVICE"
              }
            ],
            "simulated_data_sharing_consumer": "",
            "statement_queued_timeout_in_seconds": 0,
            "statement_timeout_in_seconds": 172800,
            "strict_json_output": false,
            "time_input_format": "AUTO",
            "time_output_format": "HH24:MI:SS",
            "timestamp_day_is_always_24h": false,
            "timestamp_input_format": "AUTO",
            "timestamp_ltz_output_format": "",
            "timestamp_ntz_output_format": "YYYY-MM-DD HH24:MI:SS.FF3",
            "timestamp_output_format": "YYYY-MM-DD HH24:MI:SS.FF3 TZHTZM",
            "timestamp_type_mapping": "TIMESTAMP_NTZ",
            "timestamp_tz_output_format": "",
            "timezone": "America/Los_Angeles",
            "trace_level": "OFF",
            "transaction_abort_on_error": false,
            "transaction_default_isolation_level": "READ COMMITTED",
            "two_digit_century_start": 1970,
            "unsupported_ddl_action": "ignore",
            "use_cached_result": true,
            "user_type": "SERVICE",
            "week_of_year_policy": 0,
            "week_start": 0
          },
          "sensitive_attributes": [
            [
              {
                "type": "get_attr",
                "value": "email"
              }
            ],
            [
              {
                "type": "get_attr",
                "value": "login_name"
              }
            ]
          ],
          "identity_schema_version": 0,
          "private": "bnVsbA==",
          "dependencies": [
            "snowflake_warehouse.analysis_wh"
          ]
        }
      ]
    },
    {
      "mode": "managed",
      "type": "snowflake_warehouse",
      "name": "analysis_wh",
      "provider": "provider[\"registry.terraform.io/snowflakedb/snowflake\"]",
      "instances": [
        {
          "schema_version": 2,
          "attributes": {
            "auto_resume": "true",
            "auto_suspend": 60,
            "comment": "",
            "enable_query_acceleration": "default",
            "fully_qualified_name": "\"ANALYSIS_WH\"",
            "generation": null,
            "id": "ANALYSIS_WH",
            "initially_suspended": true,
            "max_cluster_count": null,
            "max_concurrency_level": 8,
            "min_cluster_count": null,
            "name": "ANALYSIS_WH",
            "parameters": [
              {
                "max_concurrency_level": [
                  {
                    "default": "8",
                    "description": "Maximum number of SQL statements a warehouse cluster can execute concurrently before queuing them. Small SQL statements count as a fraction of 1.",
                    "key": "MAX_CONCURRENCY_LEVEL",
                    "level": "",
                    "value": "8"
                  }
                ],
                "statement_queued_timeout_in_seconds": [
                  {
                    "default": "0",
                    "description": "Timeout in seconds for queued statements: statements will automatically be canceled if they are queued on a warehouse for longer than this amount of time; disabled if set to zero.",
                    "key": "STATEMENT_QUEUED_TIMEOUT_IN_SECONDS",
                    "level": "",
                    "value": "0"
                  }
                ],
                "statement_timeout_in_seconds": [
                  {
                    "default": "172800",
                    "description": "Timeout in seconds for statements: statements are automatically canceled if they run for longer; if set to zero, max value (604800) is enforced.",
                    "key": "STATEMENT_TIMEOUT_IN_SECONDS",
                    "level": "",
                    "value": "172800"
                  }
                ]
              }
            ],
            "query_acceleration_max_scale_factor": -1,
            "resource_constraint": null,
            "resource_monitor": null,
            "scaling_policy": null,
            "show_output": [
              {
                "auto_resume": true,
                "auto_suspend": 60,
                "available": 0,
                "comment": "",
                "created_on": "2026-09-10 12:09:46.656 -0700 PDT",
                "enable_query_acceleration": false,
                "generation": "2",
                "is_current": true,
                "is_default": true,
                "max_cluster_count": 0,
                "min_cluster_count": 0,
                "name": "ANALYSIS_WH",
                "other": 0,
                "owner": "ACCOUNTADMIN",
                "owner_role_type": "ROLE",
                "provisioning": 0,
                "query_acceleration_max_scale_factor": 0,
                "queued": 0,
                "quiescing": 0,
                "resource_constraint": "",
                "resource_monitor": "",
                "resumed_on": "2026-09-10 12:09:46.684 -0700 PDT",
                "running": 2,
                "scaling_policy": "",
                "size": "XSMALL",
                "started_clusters": 0,
                "state": "SUSPENDED",
                "type": "STANDARD",
                "updated_on": "2026-09-10 12:09:46.697 -0700 PDT"
              }
            ],
            "statement_queued_timeout_in_seconds": 0,
            "statement_timeout_in_seconds": 172800,
            "timeouts": null,
            "warehouse_size": "XSMALL",
            "warehouse_type": null
          },
          "sensitive_attributes": [],
          "identity_schema_version": 0,
          "private": "eyJlMmJmYjczMC1lY2FhLTExZTYtOGY4OC0zNDM2M2JjN2M0YzAiOnsiY3JlYXRlIjoxMjAwMDAwMDAwMDAwLCJkZWxldGUiOjEyMDAwMDAwMDAwMDAsInJlYWQiOjEyMDAwMDAwMDAwMDAsInVwZGF0ZSI6MTIwMDAwMDAwMDAwMH0sInNjaGVtYV92ZXJzaW9uIjoiMiJ9"
        }
      ]
    }
  ],
  "check_results": null
}
